// !$*UTF8*$!
{
	archiveVersion = 1;
	classes = {
	};
	objectVersion = 42;
	objects = {

/* Begin PBXAggregateTarget section */
		538971AF0B821A570092E1B8 /* PostgreSQL-8.2.5 */ = {
			isa = PBXAggregateTarget;
			buildConfigurationList = 538971B10B821A570092E1B8 /* Build configuration list for PBXAggregateTarget "PostgreSQL-8.2.5" */;
			buildPhases = (
				538971B00B821A570092E1B8 /* ShellScript */,
			);
			dependencies = (
			);
			name = "PostgreSQL-8.2.5";
			productName = "PostgreSQL-8.2.0";
		};
/* End PBXAggregateTarget section */

/* Begin PBXBuildFile section */
		53091C490DAACF70005B5619 /* NSExpression+PGTSAdditions.h in Headers */ = {isa = PBXBuildFile; fileRef = 53091C410DAACF70005B5619 /* NSExpression+PGTSAdditions.h */; };
		53091C4A0DAACF70005B5619 /* NSExpression+PGTSAdditions.m in Sources */ = {isa = PBXBuildFile; fileRef = 53091C420DAACF70005B5619 /* NSExpression+PGTSAdditions.m */; };
		53091C4B0DAACF70005B5619 /* NSPredicate+PGTSAdditions.h in Headers */ = {isa = PBXBuildFile; fileRef = 53091C430DAACF70005B5619 /* NSPredicate+PGTSAdditions.h */; };
		53091C4C0DAACF70005B5619 /* NSPredicate+PGTSAdditions.m in Sources */ = {isa = PBXBuildFile; fileRef = 53091C440DAACF70005B5619 /* NSPredicate+PGTSAdditions.m */; };
		530F623F0DD4A32B00EA42DD /* NSExpression+PGTSAdditions.h in Headers */ = {isa = PBXBuildFile; fileRef = 53091C410DAACF70005B5619 /* NSExpression+PGTSAdditions.h */; };
		530F62400DD4A32C00EA42DD /* NSExpression+PGTSAdditions.m in Sources */ = {isa = PBXBuildFile; fileRef = 53091C420DAACF70005B5619 /* NSExpression+PGTSAdditions.m */; };
		530F62470DD4A6FD00EA42DD /* NSPredicate+PGTSAdditions.h in Headers */ = {isa = PBXBuildFile; fileRef = 53091C430DAACF70005B5619 /* NSPredicate+PGTSAdditions.h */; };
		530F62480DD4A6FD00EA42DD /* NSPredicate+PGTSAdditions.m in Sources */ = {isa = PBXBuildFile; fileRef = 53091C440DAACF70005B5619 /* NSPredicate+PGTSAdditions.m */; };
		5310876E0DD9F90E0061A468 /* PGTSRoleDescription.h in Headers */ = {isa = PBXBuildFile; fileRef = 53298DDE0B3307A800DE7CC8 /* PGTSRoleDescription.h */; settings = {ATTRIBUTES = (Public, ); }; };
		5310876F0DD9F90F0061A468 /* PGTSRoleDescription.m in Sources */ = {isa = PBXBuildFile; fileRef = 53298DDF0B3307A800DE7CC8 /* PGTSRoleDescription.m */; };
		531087700DD9F9190061A468 /* PGTSCertificateVerificationDelegateProtocol.h in Headers */ = {isa = PBXBuildFile; fileRef = 53D0D0580B6F515100D2D101 /* PGTSCertificateVerificationDelegateProtocol.h */; settings = {ATTRIBUTES = (Public, ); }; };
		531087710DD9F9190061A468 /* PGTSCertificateVerificationDelegate.h in Headers */ = {isa = PBXBuildFile; fileRef = 5312665B0B68F23C00637EDA /* PGTSCertificateVerificationDelegate.h */; settings = {ATTRIBUTES = (Public, ); }; };
		531087720DD9F91A0061A468 /* PGTSCertificateVerificationDelegate.m in Sources */ = {isa = PBXBuildFile; fileRef = 5312665C0B68F23C00637EDA /* PGTSCertificateVerificationDelegate.m */; };
		531266140B68E28100637EDA /* Security.framework in Frameworks */ = {isa = PBXBuildFile; fileRef = 531266130B68E28100637EDA /* Security.framework */; };
		532BF12E0A3717BA002E6BFE /* postgresql in Headers */ = {isa = PBXBuildFile; fileRef = 5325EAD70A1B2EF600FEA842 /* postgresql */; settings = {ATTRIBUTES = (Public, ); }; };
		535519E90DD7ADB40074FF01 /* PGTSConnectionMonitor.h in Headers */ = {isa = PBXBuildFile; fileRef = 535519E70DD7ADB40074FF01 /* PGTSConnectionMonitor.h */; };
		535519EA0DD7ADB40074FF01 /* PGTSConnectionMonitor.m in Sources */ = {isa = PBXBuildFile; fileRef = 535519E80DD7ADB40074FF01 /* PGTSConnectionMonitor.m */; };
		535519EB0DD7ADB40074FF01 /* PGTSConnectionMonitor.h in Headers */ = {isa = PBXBuildFile; fileRef = 535519E70DD7ADB40074FF01 /* PGTSConnectionMonitor.h */; };
		535519EC0DD7ADB40074FF01 /* PGTSConnectionMonitor.m in Sources */ = {isa = PBXBuildFile; fileRef = 535519E80DD7ADB40074FF01 /* PGTSConnectionMonitor.m */; };
		5356066D0DB948F0009EE317 /* PGTSConnectionPrivate.h in Headers */ = {isa = PBXBuildFile; fileRef = 5356066C0DB948F0009EE317 /* PGTSConnectionPrivate.h */; };
		5356066E0DB948F0009EE317 /* PGTSConnectionPrivate.h in Headers */ = {isa = PBXBuildFile; fileRef = 5356066C0DB948F0009EE317 /* PGTSConnectionPrivate.h */; };
		53594D1C0B13711300378707 /* libpq.a in Frameworks */ = {isa = PBXBuildFile; fileRef = 53594D1B0B13711300378707 /* libpq.a */; };
		5368B0F80DD110A50012D425 /* PGTSRoleDescription.h in Headers */ = {isa = PBXBuildFile; fileRef = 53298DDE0B3307A800DE7CC8 /* PGTSRoleDescription.h */; settings = {ATTRIBUTES = (Public, ); }; };
		5368B0F90DD110A50012D425 /* PGTSRoleDescription.m in Sources */ = {isa = PBXBuildFile; fileRef = 53298DDF0B3307A800DE7CC8 /* PGTSRoleDescription.m */; };
		5374B1710DC3470C0019A863 /* PGTSHOM.h in Headers */ = {isa = PBXBuildFile; fileRef = 5374B16F0DC3470C0019A863 /* PGTSHOM.h */; };
		5374B1720DC3470C0019A863 /* PGTSHOM.m in Sources */ = {isa = PBXBuildFile; fileRef = 5374B1700DC3470C0019A863 /* PGTSHOM.m */; };
		5374B1730DC3470C0019A863 /* PGTSHOM.h in Headers */ = {isa = PBXBuildFile; fileRef = 5374B16F0DC3470C0019A863 /* PGTSHOM.h */; };
		5374B1740DC3470C0019A863 /* PGTSHOM.m in Sources */ = {isa = PBXBuildFile; fileRef = 5374B1700DC3470C0019A863 /* PGTSHOM.m */; };
		538176360D633DC000A4CA72 /* postgresql in Headers */ = {isa = PBXBuildFile; fileRef = 5325EAD70A1B2EF600FEA842 /* postgresql */; settings = {ATTRIBUTES = (Public, ); }; };
		538176370D633DC000A4CA72 /* PGTS.h in Headers */ = {isa = PBXBuildFile; fileRef = 53BA4FF508804EA000BFAFB5 /* PGTS.h */; settings = {ATTRIBUTES = (Public, ); }; };
		538176380D633DC000A4CA72 /* PGTSConstants.h in Headers */ = {isa = PBXBuildFile; fileRef = 533A6AF209DEE51700D28AB0 /* PGTSConstants.h */; settings = {ATTRIBUTES = (Public, ); }; };
		538176390D633DC000A4CA72 /* PGTSFunctions.h in Headers */ = {isa = PBXBuildFile; fileRef = 53BA4FE108804EA000BFAFB5 /* PGTSFunctions.h */; settings = {ATTRIBUTES = (Public, ); }; };
		5381763B0D633DC000A4CA72 /* PGTSAdditions.h in Headers */ = {isa = PBXBuildFile; fileRef = 53BA4FEF08804EA000BFAFB5 /* PGTSAdditions.h */; settings = {ATTRIBUTES = (); }; };
		538176410D633DC000A4CA72 /* PGTSConnection.h in Headers */ = {isa = PBXBuildFile; fileRef = 53BA4FE708804EA000BFAFB5 /* PGTSConnection.h */; settings = {ATTRIBUTES = (Public, ); }; };
		538176440D633DC000A4CA72 /* PGTSAbstractDescription.h in Headers */ = {isa = PBXBuildFile; fileRef = 53F923BC08B1372F00759909 /* PGTSAbstractDescription.h */; settings = {ATTRIBUTES = (Public, ); }; };
		538176450D633DC000A4CA72 /* PGTSAbstractClassDescription.h in Headers */ = {isa = PBXBuildFile; fileRef = 53D9B38808B5256700ADB959 /* PGTSAbstractClassDescription.h */; settings = {ATTRIBUTES = (Public, ); }; };
		538176460D633DC000A4CA72 /* PGTSDatabaseDescription.h in Headers */ = {isa = PBXBuildFile; fileRef = 5359784E08AF669B000CAC2B /* PGTSDatabaseDescription.h */; settings = {ATTRIBUTES = (Public, ); }; };
		538176470D633DC000A4CA72 /* PGTSTypeDescription.h in Headers */ = {isa = PBXBuildFile; fileRef = 53D9B4C608B5492C00ADB959 /* PGTSTypeDescription.h */; settings = {ATTRIBUTES = (Public, ); }; };
		538176480D633DC000A4CA72 /* PGTSTableDescription.h in Headers */ = {isa = PBXBuildFile; fileRef = 535977FE08AD72DC000CAC2B /* PGTSTableDescription.h */; settings = {ATTRIBUTES = (Public, ); }; };
		538176490D633DC000A4CA72 /* PGTSIndexDescription.h in Headers */ = {isa = PBXBuildFile; fileRef = 53F9237708B0F47700759909 /* PGTSIndexDescription.h */; settings = {ATTRIBUTES = (Public, ); }; };
		5381764A0D633DC000A4CA72 /* PGTSFieldDescription.h in Headers */ = {isa = PBXBuildFile; fileRef = 53F9225008AFD9BD00759909 /* PGTSFieldDescription.h */; settings = {ATTRIBUTES = (Public, ); }; };
		538176550D633DC000A4CA72 /* PGTSAbstractObjectDescription.h in Headers */ = {isa = PBXBuildFile; fileRef = 53298DF00B330B6F00DE7CC8 /* PGTSAbstractObjectDescription.h */; settings = {ATTRIBUTES = (Public, ); }; };
		5381765A0D633DC000A4CA72 /* PGTSConstants.m in Sources */ = {isa = PBXBuildFile; fileRef = 53BA4FEA08804EA000BFAFB5 /* PGTSConstants.m */; };
		5381765B0D633DC000A4CA72 /* PGTSFunctions.m in Sources */ = {isa = PBXBuildFile; fileRef = 53BA4FF108804EA000BFAFB5 /* PGTSFunctions.m */; };
		5381765D0D633DC000A4CA72 /* PGTSAdditions.m in Sources */ = {isa = PBXBuildFile; fileRef = 53BA4FDB08804EA000BFAFB5 /* PGTSAdditions.m */; };
		538176630D633DC000A4CA72 /* PGTSConnection.mm in Sources */ = {isa = PBXBuildFile; fileRef = 53BA4FD808804E9F00BFAFB5 /* PGTSConnection.mm */; };
		538176660D633DC000A4CA72 /* PGTSAbstractDescription.m in Sources */ = {isa = PBXBuildFile; fileRef = 53F923BD08B1372F00759909 /* PGTSAbstractDescription.m */; };
		538176670D633DC000A4CA72 /* PGTSAbstractClassDescription.m in Sources */ = {isa = PBXBuildFile; fileRef = 53D9B38908B5256700ADB959 /* PGTSAbstractClassDescription.m */; };
		538176680D633DC000A4CA72 /* PGTSDatabaseDescription.m in Sources */ = {isa = PBXBuildFile; fileRef = 5359784F08AF669B000CAC2B /* PGTSDatabaseDescription.m */; };
		538176690D633DC000A4CA72 /* PGTSTypeDescription.m in Sources */ = {isa = PBXBuildFile; fileRef = 53D9B4C708B5492C00ADB959 /* PGTSTypeDescription.m */; };
		5381766A0D633DC000A4CA72 /* PGTSTableDescription.m in Sources */ = {isa = PBXBuildFile; fileRef = 535977FF08AD72DC000CAC2B /* PGTSTableDescription.m */; };
		5381766B0D633DC000A4CA72 /* PGTSIndexDescription.m in Sources */ = {isa = PBXBuildFile; fileRef = 53F9237808B0F47700759909 /* PGTSIndexDescription.m */; };
		5381766C0D633DC000A4CA72 /* PGTSFieldDescription.m in Sources */ = {isa = PBXBuildFile; fileRef = 53F9225108AFD9BD00759909 /* PGTSFieldDescription.m */; };
		538176740D633DC000A4CA72 /* PGTSAbstractObjectDescription.m in Sources */ = {isa = PBXBuildFile; fileRef = 53298DF10B330B6F00DE7CC8 /* PGTSAbstractObjectDescription.m */; };
		538176780D633DC000A4CA72 /* Foundation.framework in Frameworks */ = {isa = PBXBuildFile; fileRef = 0867D69BFE84028FC02AAC07 /* Foundation.framework */; };
		538176790D633DC000A4CA72 /* ExceptionHandling.framework in Frameworks */ = {isa = PBXBuildFile; fileRef = 53E11A0C0A7919CE00D0107C /* ExceptionHandling.framework */; };
		5381767A0D633DC000A4CA72 /* libpq.a in Frameworks */ = {isa = PBXBuildFile; fileRef = 53594D1B0B13711300378707 /* libpq.a */; };
		5381767C0D633DC000A4CA72 /* Security.framework in Frameworks */ = {isa = PBXBuildFile; fileRef = 531266130B68E28100637EDA /* Security.framework */; };
		5381767D0D633DC000A4CA72 /* libssl.dylib in Frameworks */ = {isa = PBXBuildFile; fileRef = 53F4F5100A370F16004913AF /* libssl.dylib */; };
		5381767E0D633DC000A4CA72 /* libcrypto.dylib in Frameworks */ = {isa = PBXBuildFile; fileRef = 53A422880981B84C003C3A24 /* libcrypto.dylib */; };
		53817AE60D63438C00A4CA72 /* libLog4Cocoa.a in Frameworks */ = {isa = PBXBuildFile; fileRef = 538178FD0D6342FA00A4CA72 /* libLog4Cocoa.a */; };
		5392A7A50DAD7B0E0012C7CD /* PGTSFoundationObjects.h in Headers */ = {isa = PBXBuildFile; fileRef = 5392A7A30DAD7B0E0012C7CD /* PGTSFoundationObjects.h */; settings = {ATTRIBUTES = (); }; };
		5392A7A60DAD7B0E0012C7CD /* PGTSFoundationObjects.m in Sources */ = {isa = PBXBuildFile; fileRef = 5392A7A40DAD7B0E0012C7CD /* PGTSFoundationObjects.m */; };
		5392A7A70DAD7B0E0012C7CD /* PGTSFoundationObjects.h in Headers */ = {isa = PBXBuildFile; fileRef = 5392A7A30DAD7B0E0012C7CD /* PGTSFoundationObjects.h */; };
		5392A7A80DAD7B0E0012C7CD /* PGTSFoundationObjects.m in Sources */ = {isa = PBXBuildFile; fileRef = 5392A7A40DAD7B0E0012C7CD /* PGTSFoundationObjects.m */; };
		5392A7E10DAD7DFA0012C7CD /* PGTSQuery.h in Headers */ = {isa = PBXBuildFile; fileRef = 5392A7DD0DAD7DFA0012C7CD /* PGTSQuery.h */; settings = {ATTRIBUTES = (); }; };
		5392A7E20DAD7DFA0012C7CD /* PGTSQuery.m in Sources */ = {isa = PBXBuildFile; fileRef = 5392A7DE0DAD7DFA0012C7CD /* PGTSQuery.m */; };
		5392A7E30DAD7DFA0012C7CD /* PGTSQueryDescription.h in Headers */ = {isa = PBXBuildFile; fileRef = 5392A7DF0DAD7DFA0012C7CD /* PGTSQueryDescription.h */; settings = {ATTRIBUTES = (); }; };
		5392A7E40DAD7DFA0012C7CD /* PGTSQueryDescription.m in Sources */ = {isa = PBXBuildFile; fileRef = 5392A7E00DAD7DFA0012C7CD /* PGTSQueryDescription.m */; };
		5392A7E50DAD7DFA0012C7CD /* PGTSQuery.h in Headers */ = {isa = PBXBuildFile; fileRef = 5392A7DD0DAD7DFA0012C7CD /* PGTSQuery.h */; };
		5392A7E60DAD7DFA0012C7CD /* PGTSQuery.m in Sources */ = {isa = PBXBuildFile; fileRef = 5392A7DE0DAD7DFA0012C7CD /* PGTSQuery.m */; };
		5392A7E70DAD7DFA0012C7CD /* PGTSQueryDescription.h in Headers */ = {isa = PBXBuildFile; fileRef = 5392A7DF0DAD7DFA0012C7CD /* PGTSQueryDescription.h */; };
		5392A7E80DAD7DFA0012C7CD /* PGTSQueryDescription.m in Sources */ = {isa = PBXBuildFile; fileRef = 5392A7E00DAD7DFA0012C7CD /* PGTSQueryDescription.m */; };
		5392A85E0DAD7E190012C7CD /* PGTSConnector.h in Headers */ = {isa = PBXBuildFile; fileRef = 5392A85C0DAD7E190012C7CD /* PGTSConnector.h */; settings = {ATTRIBUTES = (); }; };
		5392A85F0DAD7E190012C7CD /* PGTSConnector.m in Sources */ = {isa = PBXBuildFile; fileRef = 5392A85D0DAD7E190012C7CD /* PGTSConnector.m */; };
		5392A8600DAD7E190012C7CD /* PGTSConnector.h in Headers */ = {isa = PBXBuildFile; fileRef = 5392A85C0DAD7E190012C7CD /* PGTSConnector.h */; };
		5392A8610DAD7E190012C7CD /* PGTSConnector.m in Sources */ = {isa = PBXBuildFile; fileRef = 5392A85D0DAD7E190012C7CD /* PGTSConnector.m */; };
		5396ACE30DAD86F100BCDD39 /* PGTSConstants.h in Headers */ = {isa = PBXBuildFile; fileRef = 533A6AF209DEE51700D28AB0 /* PGTSConstants.h */; settings = {ATTRIBUTES = (Public, ); }; };
		5396ACE40DAD86F100BCDD39 /* PGTSConstants.m in Sources */ = {isa = PBXBuildFile; fileRef = 53BA4FEA08804EA000BFAFB5 /* PGTSConstants.m */; };
		5396AD500DAD89DD00BCDD39 /* PGTSAdditions.h in Headers */ = {isa = PBXBuildFile; fileRef = 53BA4FEF08804EA000BFAFB5 /* PGTSAdditions.h */; settings = {ATTRIBUTES = (); }; };
		5396AD510DAD89DD00BCDD39 /* PGTSAdditions.m in Sources */ = {isa = PBXBuildFile; fileRef = 53BA4FDB08804EA000BFAFB5 /* PGTSAdditions.m */; };
		5396AFA70DAEA6EB00BCDD39 /* PGTSResultSet.h in Headers */ = {isa = PBXBuildFile; fileRef = 5396AFA50DAEA6EB00BCDD39 /* PGTSResultSet.h */; settings = {ATTRIBUTES = (Public, ); }; };
		5396AFA90DAEA6EB00BCDD39 /* PGTSResultSet.h in Headers */ = {isa = PBXBuildFile; fileRef = 5396AFA50DAEA6EB00BCDD39 /* PGTSResultSet.h */; settings = {ATTRIBUTES = (Public, ); }; };
		5396AFB40DAEA95A00BCDD39 /* PGTSResultSet.mm in Sources */ = {isa = PBXBuildFile; fileRef = 5396AFB30DAEA95A00BCDD39 /* PGTSResultSet.mm */; };
		5396AFB50DAEA95A00BCDD39 /* PGTSResultSet.mm in Sources */ = {isa = PBXBuildFile; fileRef = 5396AFB30DAEA95A00BCDD39 /* PGTSResultSet.mm */; };
		539701080A370CCB00DFF6E8 /* Foundation.framework in Frameworks */ = {isa = PBXBuildFile; fileRef = 0867D69BFE84028FC02AAC07 /* Foundation.framework */; };
		539C08BE0A3706BE00CC45E0 /* PGTS.h in Headers */ = {isa = PBXBuildFile; fileRef = 53BA4FF508804EA000BFAFB5 /* PGTS.h */; settings = {ATTRIBUTES = (Public, ); }; };
		539C08D10A3706CA00CC45E0 /* PGTSConnection.h in Headers */ = {isa = PBXBuildFile; fileRef = 53BA4FE708804EA000BFAFB5 /* PGTSConnection.h */; settings = {ATTRIBUTES = (Public, ); }; };
		539C08D50A3706CD00CC45E0 /* PGTSConnection.mm in Sources */ = {isa = PBXBuildFile; fileRef = 53BA4FD808804E9F00BFAFB5 /* PGTSConnection.mm */; };
		53D0D01F0B6F4ED000D2D101 /* libssl.dylib in Frameworks */ = {isa = PBXBuildFile; fileRef = 53F4F5100A370F16004913AF /* libssl.dylib */; };
		53D0D0200B6F4ED000D2D101 /* libcrypto.dylib in Frameworks */ = {isa = PBXBuildFile; fileRef = 53A422880981B84C003C3A24 /* libcrypto.dylib */; };
		53D3E2980DD47AB100F41B25 /* PGTSCertificateVerificationDelegateProtocol.h in Headers */ = {isa = PBXBuildFile; fileRef = 53D0D0580B6F515100D2D101 /* PGTSCertificateVerificationDelegateProtocol.h */; settings = {ATTRIBUTES = (Public, ); }; };
		53D3E2990DD47AB100F41B25 /* PGTSCertificateVerificationDelegate.h in Headers */ = {isa = PBXBuildFile; fileRef = 5312665B0B68F23C00637EDA /* PGTSCertificateVerificationDelegate.h */; settings = {ATTRIBUTES = (Public, ); }; };
		53D3E29A0DD47AB200F41B25 /* PGTSCertificateVerificationDelegate.m in Sources */ = {isa = PBXBuildFile; fileRef = 5312665C0B68F23C00637EDA /* PGTSCertificateVerificationDelegate.m */; };
		53E11A100A7919CE00D0107C /* ExceptionHandling.framework in Frameworks */ = {isa = PBXBuildFile; fileRef = 53E11A0C0A7919CE00D0107C /* ExceptionHandling.framework */; };
		53E1899D0DB2DB600094066F /* PGTSAbstractDescription.h in Headers */ = {isa = PBXBuildFile; fileRef = 53F923BC08B1372F00759909 /* PGTSAbstractDescription.h */; settings = {ATTRIBUTES = (Public, ); }; };
		53E1899E0DB2DB620094066F /* PGTSAbstractDescription.m in Sources */ = {isa = PBXBuildFile; fileRef = 53F923BD08B1372F00759909 /* PGTSAbstractDescription.m */; };
		53E1899F0DB2DB630094066F /* PGTSAbstractObjectDescription.m in Sources */ = {isa = PBXBuildFile; fileRef = 53298DF10B330B6F00DE7CC8 /* PGTSAbstractObjectDescription.m */; };
		53E189A00DB2DB640094066F /* PGTSAbstractObjectDescription.h in Headers */ = {isa = PBXBuildFile; fileRef = 53298DF00B330B6F00DE7CC8 /* PGTSAbstractObjectDescription.h */; settings = {ATTRIBUTES = (Public, ); }; };
		53E189A10DB2DB650094066F /* PGTSAbstractClassDescription.h in Headers */ = {isa = PBXBuildFile; fileRef = 53D9B38808B5256700ADB959 /* PGTSAbstractClassDescription.h */; settings = {ATTRIBUTES = (Public, ); }; };
		53E189A30DB2DB660094066F /* PGTSDatabaseDescription.h in Headers */ = {isa = PBXBuildFile; fileRef = 5359784E08AF669B000CAC2B /* PGTSDatabaseDescription.h */; settings = {ATTRIBUTES = (Public, ); }; };
		53E189A50DB2DB680094066F /* PGTSTypeDescription.h in Headers */ = {isa = PBXBuildFile; fileRef = 53D9B4C608B5492C00ADB959 /* PGTSTypeDescription.h */; settings = {ATTRIBUTES = (Public, ); }; };
		53E189A60DB2DB690094066F /* PGTSTypeDescription.m in Sources */ = {isa = PBXBuildFile; fileRef = 53D9B4C708B5492C00ADB959 /* PGTSTypeDescription.m */; };
		53E189A70DB2DB6A0094066F /* PGTSTableDescription.h in Headers */ = {isa = PBXBuildFile; fileRef = 535977FE08AD72DC000CAC2B /* PGTSTableDescription.h */; settings = {ATTRIBUTES = (Public, ); }; };
		53E189A80DB2DB6A0094066F /* PGTSTableDescription.m in Sources */ = {isa = PBXBuildFile; fileRef = 535977FF08AD72DC000CAC2B /* PGTSTableDescription.m */; };
		53E189A90DB2DB6C0094066F /* PGTSIndexDescription.h in Headers */ = {isa = PBXBuildFile; fileRef = 53F9237708B0F47700759909 /* PGTSIndexDescription.h */; settings = {ATTRIBUTES = (Public, ); }; };
		53E189AA0DB2DB6C0094066F /* PGTSIndexDescription.m in Sources */ = {isa = PBXBuildFile; fileRef = 53F9237808B0F47700759909 /* PGTSIndexDescription.m */; };
		53E189AB0DB2DB6D0094066F /* PGTSFieldDescription.h in Headers */ = {isa = PBXBuildFile; fileRef = 53F9225008AFD9BD00759909 /* PGTSFieldDescription.h */; settings = {ATTRIBUTES = (Public, ); }; };
		53E189AC0DB2DB6E0094066F /* PGTSFieldDescription.m in Sources */ = {isa = PBXBuildFile; fileRef = 53F9225108AFD9BD00759909 /* PGTSFieldDescription.m */; };
		53E18B190DB370A00094066F /* PGTSDatabaseDescription.m in Sources */ = {isa = PBXBuildFile; fileRef = 5359784F08AF669B000CAC2B /* PGTSDatabaseDescription.m */; };
		53E18B220DB370C50094066F /* PGTSAbstractClassDescription.m in Sources */ = {isa = PBXBuildFile; fileRef = 53D9B38908B5256700ADB959 /* PGTSAbstractClassDescription.m */; };
		53E18B490DB3E9840094066F /* PGTSFunctions.h in Headers */ = {isa = PBXBuildFile; fileRef = 53BA4FE108804EA000BFAFB5 /* PGTSFunctions.h */; settings = {ATTRIBUTES = (Public, ); }; };
		53E18B4A0DB3E9850094066F /* PGTSFunctions.m in Sources */ = {isa = PBXBuildFile; fileRef = 53BA4FF108804EA000BFAFB5 /* PGTSFunctions.m */; };
/* End PBXBuildFile section */

/* Begin PBXContainerItemProxy section */
		5310877E0DD9FA050061A468 /* PBXContainerItemProxy */ = {
			isa = PBXContainerItemProxy;
			containerPortal = 0867D690FE84028FC02AAC07 /* Project object */;
			proxyType = 1;
			remoteGlobalIDString = 538971AF0B821A570092E1B8;
			remoteInfo = "PostgreSQL-8.2.5";
		};
		538178FC0D6342FA00A4CA72 /* PBXContainerItemProxy */ = {
			isa = PBXContainerItemProxy;
			containerPortal = 53C1DF760B4BD4AB007947D8 /* Log4Cocoa.xcodeproj */;
			proxyType = 2;
			remoteGlobalIDString = 538177460D6342CB00A4CA72;
			remoteInfo = "libLog4Cocoa + GC";
		};
		538971BB0B821A710092E1B8 /* PBXContainerItemProxy */ = {
			isa = PBXContainerItemProxy;
			containerPortal = 0867D690FE84028FC02AAC07 /* Project object */;
			proxyType = 1;
			remoteGlobalIDString = 538971AF0B821A570092E1B8;
			remoteInfo = "PostgreSQL-8.2.3";
		};
		53D044150B4C1DFD00DB9308 /* PBXContainerItemProxy */ = {
			isa = PBXContainerItemProxy;
			containerPortal = 53C1DF760B4BD4AB007947D8 /* Log4Cocoa.xcodeproj */;
			proxyType = 2;
			remoteGlobalIDString = 530EC0030B4BCDB100DFC1CA;
			remoteInfo = libLog4Cocoa;
		};
		53D044170B4C1DFD00DB9308 /* PBXContainerItemProxy */ = {
			isa = PBXContainerItemProxy;
			containerPortal = 53C1DF760B4BD4AB007947D8 /* Log4Cocoa.xcodeproj */;
			proxyType = 2;
			remoteGlobalIDString = 53C1DF180B4BD429007947D8;
			remoteInfo = "AllTests (Upgraded)";
		};
		53D044190B4C1DFD00DB9308 /* PBXContainerItemProxy */ = {
			isa = PBXContainerItemProxy;
			containerPortal = 53C1DF760B4BD4AB007947D8 /* Log4Cocoa.xcodeproj */;
			proxyType = 2;
			remoteGlobalIDString = 53C1DF1F0B4BD429007947D8;
			remoteInfo = "Documentation (Upgraded)";
		};
		53D0441B0B4C1DFD00DB9308 /* PBXContainerItemProxy */ = {
			isa = PBXContainerItemProxy;
			containerPortal = 53C1DF760B4BD4AB007947D8 /* Log4Cocoa.xcodeproj */;
			proxyType = 2;
			remoteGlobalIDString = 530EBD140B4BBFAE00DFC1CA;
			remoteInfo = Log4Cocoa;
		};
/* End PBXContainerItemProxy section */

/* Begin PBXFileReference section */
		0867D69BFE84028FC02AAC07 /* Foundation.framework */ = {isa = PBXFileReference; lastKnownFileType = wrapper.framework; name = Foundation.framework; path = /System/Library/Frameworks/Foundation.framework; sourceTree = "<absolute>"; };
		089C1667FE841158C02AAC07 /* English */ = {isa = PBXFileReference; fileEncoding = 10; lastKnownFileType = text.plist.strings; name = English; path = English.lproj/InfoPlist.strings; sourceTree = "<group>"; };
		32DBCF5E0370ADEE00C91783 /* PGTS_Prefix.pch */ = {isa = PBXFileReference; fileEncoding = 4; lastKnownFileType = sourcecode.c.h; name = PGTS_Prefix.pch; path = Sources/PGTS_Prefix.pch; sourceTree = "<group>"; };
		53091C410DAACF70005B5619 /* NSExpression+PGTSAdditions.h */ = {isa = PBXFileReference; fileEncoding = 5; lastKnownFileType = sourcecode.c.h; name = "NSExpression+PGTSAdditions.h"; path = "Sources/NSExpression+PGTSAdditions.h"; sourceTree = "<group>"; };
		53091C420DAACF70005B5619 /* NSExpression+PGTSAdditions.m */ = {isa = PBXFileReference; fileEncoding = 5; lastKnownFileType = sourcecode.c.objc; name = "NSExpression+PGTSAdditions.m"; path = "Sources/NSExpression+PGTSAdditions.m"; sourceTree = "<group>"; };
		53091C430DAACF70005B5619 /* NSPredicate+PGTSAdditions.h */ = {isa = PBXFileReference; fileEncoding = 5; lastKnownFileType = sourcecode.c.h; name = "NSPredicate+PGTSAdditions.h"; path = "Sources/NSPredicate+PGTSAdditions.h"; sourceTree = "<group>"; };
		53091C440DAACF70005B5619 /* NSPredicate+PGTSAdditions.m */ = {isa = PBXFileReference; fileEncoding = 5; lastKnownFileType = sourcecode.c.objc; name = "NSPredicate+PGTSAdditions.m"; path = "Sources/NSPredicate+PGTSAdditions.m"; sourceTree = "<group>"; };
		531266130B68E28100637EDA /* Security.framework */ = {isa = PBXFileReference; lastKnownFileType = wrapper.framework; name = Security.framework; path = /System/Library/Frameworks/Security.framework; sourceTree = "<absolute>"; };
		5312665B0B68F23C00637EDA /* PGTSCertificateVerificationDelegate.h */ = {isa = PBXFileReference; fileEncoding = 4; lastKnownFileType = sourcecode.c.h; name = PGTSCertificateVerificationDelegate.h; path = Sources/PGTSCertificateVerificationDelegate.h; sourceTree = "<group>"; };
		5312665C0B68F23C00637EDA /* PGTSCertificateVerificationDelegate.m */ = {isa = PBXFileReference; fileEncoding = 4; lastKnownFileType = sourcecode.c.objc; name = PGTSCertificateVerificationDelegate.m; path = Sources/PGTSCertificateVerificationDelegate.m; sourceTree = "<group>"; };
		5325EAD70A1B2EF600FEA842 /* postgresql */ = {isa = PBXFileReference; lastKnownFileType = folder; name = postgresql; path = "PGTS-PostgreSQL/postgresql"; sourceTree = BUILT_PRODUCTS_DIR; };
		53298DDE0B3307A800DE7CC8 /* PGTSRoleDescription.h */ = {isa = PBXFileReference; fileEncoding = 4; lastKnownFileType = sourcecode.c.h; name = PGTSRoleDescription.h; path = Sources/PGTSRoleDescription.h; sourceTree = "<group>"; };
		53298DDF0B3307A800DE7CC8 /* PGTSRoleDescription.m */ = {isa = PBXFileReference; fileEncoding = 4; lastKnownFileType = sourcecode.c.objc; name = PGTSRoleDescription.m; path = Sources/PGTSRoleDescription.m; sourceTree = "<group>"; };
		53298DF00B330B6F00DE7CC8 /* PGTSAbstractObjectDescription.h */ = {isa = PBXFileReference; fileEncoding = 4; lastKnownFileType = sourcecode.c.h; name = PGTSAbstractObjectDescription.h; path = Sources/PGTSAbstractObjectDescription.h; sourceTree = "<group>"; };
		53298DF10B330B6F00DE7CC8 /* PGTSAbstractObjectDescription.m */ = {isa = PBXFileReference; fileEncoding = 4; lastKnownFileType = sourcecode.c.objc; name = PGTSAbstractObjectDescription.m; path = Sources/PGTSAbstractObjectDescription.m; sourceTree = "<group>"; };
		53298E0D0B330EFB00DE7CC8 /* PGTSACLItem.h */ = {isa = PBXFileReference; fileEncoding = 4; lastKnownFileType = sourcecode.c.h; name = PGTSACLItem.h; path = Sources/PGTSACLItem.h; sourceTree = "<group>"; };
		53298E0E0B330EFB00DE7CC8 /* PGTSACLItem.m */ = {isa = PBXFileReference; fileEncoding = 4; lastKnownFileType = sourcecode.c.objc; name = PGTSACLItem.m; path = Sources/PGTSACLItem.m; sourceTree = "<group>"; };
		533A6AF209DEE51700D28AB0 /* PGTSConstants.h */ = {isa = PBXFileReference; fileEncoding = 5; lastKnownFileType = sourcecode.c.h; name = PGTSConstants.h; path = Sources/PGTSConstants.h; sourceTree = "<group>"; };
		534CFECB095DCCDC00BF3440 /* Kerberos.framework */ = {isa = PBXFileReference; lastKnownFileType = wrapper.framework; name = Kerberos.framework; path = /System/Library/Frameworks/Kerberos.framework; sourceTree = "<absolute>"; };
		535519E70DD7ADB40074FF01 /* PGTSConnectionMonitor.h */ = {isa = PBXFileReference; fileEncoding = 4; lastKnownFileType = sourcecode.c.h; name = PGTSConnectionMonitor.h; path = Sources/PGTSConnectionMonitor.h; sourceTree = "<group>"; };
		535519E80DD7ADB40074FF01 /* PGTSConnectionMonitor.m */ = {isa = PBXFileReference; fileEncoding = 4; lastKnownFileType = sourcecode.c.objc; name = PGTSConnectionMonitor.m; path = Sources/PGTSConnectionMonitor.m; sourceTree = "<group>"; };
		5356066C0DB948F0009EE317 /* PGTSConnectionPrivate.h */ = {isa = PBXFileReference; fileEncoding = 4; lastKnownFileType = sourcecode.c.h; name = PGTSConnectionPrivate.h; path = Sources/PGTSConnectionPrivate.h; sourceTree = "<group>"; };
		53594D1B0B13711300378707 /* libpq.a */ = {isa = PBXFileReference; lastKnownFileType = archive.ar; name = libpq.a; path = "PGTS-PostgreSQL/universal/lib/libpq.a"; sourceTree = BUILT_PRODUCTS_DIR; };
		5359557C0A514DEE0008793A /* PGTSSchemaDescription.h */ = {isa = PBXFileReference; fileEncoding = 4; lastKnownFileType = sourcecode.c.h; name = PGTSSchemaDescription.h; path = Sources/PGTSSchemaDescription.h; sourceTree = "<group>"; };
		5359557D0A514DEE0008793A /* PGTSSchemaDescription.m */ = {isa = PBXFileReference; fileEncoding = 4; lastKnownFileType = sourcecode.c.objc; name = PGTSSchemaDescription.m; path = Sources/PGTSSchemaDescription.m; sourceTree = "<group>"; };
		535977FE08AD72DC000CAC2B /* PGTSTableDescription.h */ = {isa = PBXFileReference; fileEncoding = 4; lastKnownFileType = sourcecode.c.h; name = PGTSTableDescription.h; path = Sources/PGTSTableDescription.h; sourceTree = "<group>"; };
		535977FF08AD72DC000CAC2B /* PGTSTableDescription.m */ = {isa = PBXFileReference; fileEncoding = 4; lastKnownFileType = sourcecode.c.objc; name = PGTSTableDescription.m; path = Sources/PGTSTableDescription.m; sourceTree = "<group>"; };
		5359784E08AF669B000CAC2B /* PGTSDatabaseDescription.h */ = {isa = PBXFileReference; fileEncoding = 4; lastKnownFileType = sourcecode.c.h; name = PGTSDatabaseDescription.h; path = Sources/PGTSDatabaseDescription.h; sourceTree = "<group>"; };
		5359784F08AF669B000CAC2B /* PGTSDatabaseDescription.m */ = {isa = PBXFileReference; fileEncoding = 4; lastKnownFileType = sourcecode.c.objc; name = PGTSDatabaseDescription.m; path = Sources/PGTSDatabaseDescription.m; sourceTree = "<group>"; };
		536580D20A36FDFB00CDEC90 /* libPGTS.a */ = {isa = PBXFileReference; explicitFileType = archive.ar; includeInIndex = 0; path = libPGTS.a; sourceTree = BUILT_PRODUCTS_DIR; };
		536B892D0A518E4A00379C00 /* PGTSExceptions.h */ = {isa = PBXFileReference; fileEncoding = 4; lastKnownFileType = sourcecode.c.h; name = PGTSExceptions.h; path = Sources/PGTSExceptions.h; sourceTree = "<group>"; };
		536B892E0A518E4A00379C00 /* PGTSExceptions.m */ = {isa = PBXFileReference; fileEncoding = 4; lastKnownFileType = sourcecode.c.objc; name = PGTSExceptions.m; path = Sources/PGTSExceptions.m; sourceTree = "<group>"; };
		5374B16F0DC3470C0019A863 /* PGTSHOM.h */ = {isa = PBXFileReference; fileEncoding = 4; lastKnownFileType = sourcecode.c.h; name = PGTSHOM.h; path = Sources/PGTSHOM.h; sourceTree = "<group>"; };
		5374B1700DC3470C0019A863 /* PGTSHOM.m */ = {isa = PBXFileReference; fileEncoding = 4; lastKnownFileType = sourcecode.c.objc; name = PGTSHOM.m; path = Sources/PGTSHOM.m; sourceTree = "<group>"; };
		538175DD0D63387200A4CA72 /* common.xcconfig */ = {isa = PBXFileReference; fileEncoding = 4; lastKnownFileType = text.xcconfig; path = common.xcconfig; sourceTree = "<group>"; };
		538175EA0D63399600A4CA72 /* release-non-gc.xcconfig */ = {isa = PBXFileReference; fileEncoding = 4; lastKnownFileType = text.xcconfig; path = "release-non-gc.xcconfig"; sourceTree = "<group>"; };
		538175EB0D63399600A4CA72 /* release-gc.xcconfig */ = {isa = PBXFileReference; fileEncoding = 4; lastKnownFileType = text.xcconfig; path = "release-gc.xcconfig"; sourceTree = "<group>"; };
		538175EC0D63399600A4CA72 /* debug-non-gc.xcconfig */ = {isa = PBXFileReference; fileEncoding = 4; lastKnownFileType = text.xcconfig; path = "debug-non-gc.xcconfig"; sourceTree = "<group>"; };
		538175ED0D63399600A4CA72 /* debug-gc.xcconfig */ = {isa = PBXFileReference; fileEncoding = 4; lastKnownFileType = text.xcconfig; path = "debug-gc.xcconfig"; sourceTree = "<group>"; };
		538176830D633DC000A4CA72 /* libPGTS.a */ = {isa = PBXFileReference; explicitFileType = archive.ar; includeInIndex = 0; path = libPGTS.a; sourceTree = BUILT_PRODUCTS_DIR; };
		5392A7A30DAD7B0E0012C7CD /* PGTSFoundationObjects.h */ = {isa = PBXFileReference; fileEncoding = 4; lastKnownFileType = sourcecode.c.h; name = PGTSFoundationObjects.h; path = Sources/PGTSFoundationObjects.h; sourceTree = "<group>"; };
		5392A7A40DAD7B0E0012C7CD /* PGTSFoundationObjects.m */ = {isa = PBXFileReference; fileEncoding = 4; lastKnownFileType = sourcecode.c.objc; name = PGTSFoundationObjects.m; path = Sources/PGTSFoundationObjects.m; sourceTree = "<group>"; };
		5392A7DD0DAD7DFA0012C7CD /* PGTSQuery.h */ = {isa = PBXFileReference; fileEncoding = 5; lastKnownFileType = sourcecode.c.h; name = PGTSQuery.h; path = Sources/PGTSQuery.h; sourceTree = "<group>"; };
		5392A7DE0DAD7DFA0012C7CD /* PGTSQuery.m */ = {isa = PBXFileReference; fileEncoding = 5; lastKnownFileType = sourcecode.c.objc; name = PGTSQuery.m; path = Sources/PGTSQuery.m; sourceTree = "<group>"; };
		5392A7DF0DAD7DFA0012C7CD /* PGTSQueryDescription.h */ = {isa = PBXFileReference; fileEncoding = 5; lastKnownFileType = sourcecode.c.h; name = PGTSQueryDescription.h; path = Sources/PGTSQueryDescription.h; sourceTree = "<group>"; };
		5392A7E00DAD7DFA0012C7CD /* PGTSQueryDescription.m */ = {isa = PBXFileReference; fileEncoding = 5; lastKnownFileType = sourcecode.c.objc; name = PGTSQueryDescription.m; path = Sources/PGTSQueryDescription.m; sourceTree = "<group>"; };
		5392A85C0DAD7E190012C7CD /* PGTSConnector.h */ = {isa = PBXFileReference; fileEncoding = 5; lastKnownFileType = sourcecode.c.h; name = PGTSConnector.h; path = Sources/PGTSConnector.h; sourceTree = "<group>"; };
		5392A85D0DAD7E190012C7CD /* PGTSConnector.m */ = {isa = PBXFileReference; fileEncoding = 5; lastKnownFileType = sourcecode.c.objc; name = PGTSConnector.m; path = Sources/PGTSConnector.m; sourceTree = "<group>"; };
		5396AFA50DAEA6EB00BCDD39 /* PGTSResultSet.h */ = {isa = PBXFileReference; fileEncoding = 5; lastKnownFileType = sourcecode.c.h; name = PGTSResultSet.h; path = Sources/PGTSResultSet.h; sourceTree = "<group>"; };
		5396AFB30DAEA95A00BCDD39 /* PGTSResultSet.mm */ = {isa = PBXFileReference; fileEncoding = 5; lastKnownFileType = sourcecode.cpp.objcpp; name = PGTSResultSet.mm; path = Sources/PGTSResultSet.mm; sourceTree = "<group>"; };
		53A422880981B84C003C3A24 /* libcrypto.dylib */ = {isa = PBXFileReference; lastKnownFileType = "compiled.mach-o.dylib"; name = libcrypto.dylib; path = /usr/lib/libcrypto.dylib; sourceTree = "<absolute>"; };
		53B870900A0A218F007315BC /* PGTSForeignKeyDescription.h */ = {isa = PBXFileReference; fileEncoding = 4; lastKnownFileType = sourcecode.c.h; name = PGTSForeignKeyDescription.h; path = Sources/PGTSForeignKeyDescription.h; sourceTree = "<group>"; };
		53B870910A0A218F007315BC /* PGTSForeignKeyDescription.m */ = {isa = PBXFileReference; fileEncoding = 4; lastKnownFileType = sourcecode.c.objc; name = PGTSForeignKeyDescription.m; path = Sources/PGTSForeignKeyDescription.m; sourceTree = "<group>"; };
		53BA4FD808804E9F00BFAFB5 /* PGTSConnection.mm */ = {isa = PBXFileReference; explicitFileType = sourcecode.cpp.objcpp; fileEncoding = 5; name = PGTSConnection.mm; path = Sources/PGTSConnection.mm; sourceTree = "<group>"; };
		53BA4FDB08804EA000BFAFB5 /* PGTSAdditions.m */ = {isa = PBXFileReference; explicitFileType = sourcecode.cpp.objcpp; fileEncoding = 5; name = PGTSAdditions.m; path = Sources/PGTSAdditions.m; sourceTree = "<group>"; };
		53BA4FE108804EA000BFAFB5 /* PGTSFunctions.h */ = {isa = PBXFileReference; fileEncoding = 5; lastKnownFileType = sourcecode.c.h; name = PGTSFunctions.h; path = Sources/PGTSFunctions.h; sourceTree = "<group>"; };
		53BA4FE708804EA000BFAFB5 /* PGTSConnection.h */ = {isa = PBXFileReference; fileEncoding = 5; lastKnownFileType = sourcecode.c.h; name = PGTSConnection.h; path = Sources/PGTSConnection.h; sourceTree = "<group>"; };
		53BA4FEA08804EA000BFAFB5 /* PGTSConstants.m */ = {isa = PBXFileReference; explicitFileType = sourcecode.c.objc; fileEncoding = 5; name = PGTSConstants.m; path = Sources/PGTSConstants.m; sourceTree = "<group>"; };
		53BA4FEF08804EA000BFAFB5 /* PGTSAdditions.h */ = {isa = PBXFileReference; fileEncoding = 5; lastKnownFileType = sourcecode.c.h; name = PGTSAdditions.h; path = Sources/PGTSAdditions.h; sourceTree = "<group>"; };
		53BA4FF108804EA000BFAFB5 /* PGTSFunctions.m */ = {isa = PBXFileReference; fileEncoding = 5; lastKnownFileType = sourcecode.c.objc; name = PGTSFunctions.m; path = Sources/PGTSFunctions.m; sourceTree = "<group>"; };
		53BA4FF508804EA000BFAFB5 /* PGTS.h */ = {isa = PBXFileReference; fileEncoding = 5; lastKnownFileType = sourcecode.c.h; name = PGTS.h; path = Sources/PGTS.h; sourceTree = "<group>"; };
		53BA503E08804FBC00BFAFB5 /* psql */ = {isa = PBXFileReference; explicitFileType = "compiled.mach-o.executable"; name = psql; path = "PGTS-PostgreSQL/universal/bin/psql"; sourceTree = BUILT_PRODUCTS_DIR; };
		53C1DF760B4BD4AB007947D8 /* Log4Cocoa.xcodeproj */ = {isa = PBXFileReference; lastKnownFileType = "wrapper.pb-project"; name = Log4Cocoa.xcodeproj; path = Contrib/Log4Cocoa/Log4Cocoa.xcodeproj; sourceTree = "<group>"; };
		53D0D0580B6F515100D2D101 /* PGTSCertificateVerificationDelegateProtocol.h */ = {isa = PBXFileReference; explicitFileType = sourcecode.c.h; fileEncoding = 4; name = PGTSCertificateVerificationDelegateProtocol.h; path = Sources/PGTSCertificateVerificationDelegateProtocol.h; sourceTree = "<group>"; };
		53D9B38808B5256700ADB959 /* PGTSAbstractClassDescription.h */ = {isa = PBXFileReference; fileEncoding = 4; lastKnownFileType = sourcecode.c.h; name = PGTSAbstractClassDescription.h; path = Sources/PGTSAbstractClassDescription.h; sourceTree = "<group>"; };
		53D9B38908B5256700ADB959 /* PGTSAbstractClassDescription.m */ = {isa = PBXFileReference; fileEncoding = 4; lastKnownFileType = sourcecode.c.objc; name = PGTSAbstractClassDescription.m; path = Sources/PGTSAbstractClassDescription.m; sourceTree = "<group>"; };
		53D9B4C608B5492C00ADB959 /* PGTSTypeDescription.h */ = {isa = PBXFileReference; fileEncoding = 4; lastKnownFileType = sourcecode.c.h; name = PGTSTypeDescription.h; path = Sources/PGTSTypeDescription.h; sourceTree = "<group>"; };
		53D9B4C708B5492C00ADB959 /* PGTSTypeDescription.m */ = {isa = PBXFileReference; fileEncoding = 4; lastKnownFileType = sourcecode.c.objc; name = PGTSTypeDescription.m; path = Sources/PGTSTypeDescription.m; sourceTree = "<group>"; };
		53D9B52C08B553A900ADB959 /* datatypeassociations.plist */ = {isa = PBXFileReference; fileEncoding = 5; lastKnownFileType = text.xml; path = datatypeassociations.plist; sourceTree = "<group>"; };
		53E11A0C0A7919CE00D0107C /* ExceptionHandling.framework */ = {isa = PBXFileReference; lastKnownFileType = wrapper.framework; name = ExceptionHandling.framework; path = /System/Library/Frameworks/ExceptionHandling.framework; sourceTree = "<absolute>"; };
		53F4F5100A370F16004913AF /* libssl.dylib */ = {isa = PBXFileReference; lastKnownFileType = "compiled.mach-o.dylib"; name = libssl.dylib; path = /usr/lib/libssl.dylib; sourceTree = "<absolute>"; };
		53F9225008AFD9BD00759909 /* PGTSFieldDescription.h */ = {isa = PBXFileReference; fileEncoding = 4; lastKnownFileType = sourcecode.c.h; name = PGTSFieldDescription.h; path = Sources/PGTSFieldDescription.h; sourceTree = "<group>"; };
		53F9225108AFD9BD00759909 /* PGTSFieldDescription.m */ = {isa = PBXFileReference; fileEncoding = 4; lastKnownFileType = sourcecode.c.objc; name = PGTSFieldDescription.m; path = Sources/PGTSFieldDescription.m; sourceTree = "<group>"; };
		53F9237708B0F47700759909 /* PGTSIndexDescription.h */ = {isa = PBXFileReference; fileEncoding = 4; lastKnownFileType = sourcecode.c.h; name = PGTSIndexDescription.h; path = Sources/PGTSIndexDescription.h; sourceTree = "<group>"; };
		53F9237808B0F47700759909 /* PGTSIndexDescription.m */ = {isa = PBXFileReference; fileEncoding = 4; lastKnownFileType = sourcecode.c.objc; name = PGTSIndexDescription.m; path = Sources/PGTSIndexDescription.m; sourceTree = "<group>"; };
		53F923BC08B1372F00759909 /* PGTSAbstractDescription.h */ = {isa = PBXFileReference; fileEncoding = 4; lastKnownFileType = sourcecode.c.h; name = PGTSAbstractDescription.h; path = Sources/PGTSAbstractDescription.h; sourceTree = "<group>"; };
		53F923BD08B1372F00759909 /* PGTSAbstractDescription.m */ = {isa = PBXFileReference; fileEncoding = 4; lastKnownFileType = sourcecode.c.objc; name = PGTSAbstractDescription.m; path = Sources/PGTSAbstractDescription.m; sourceTree = "<group>"; };
		8DC2EF5A0486A6940098B216 /* Info.plist */ = {isa = PBXFileReference; fileEncoding = 4; lastKnownFileType = text.plist; path = Info.plist; sourceTree = "<group>"; };
/* End PBXFileReference section */

/* Begin PBXFrameworksBuildPhase section */
		536580D00A36FDFB00CDEC90 /* Frameworks */ = {
			isa = PBXFrameworksBuildPhase;
			buildActionMask = 2147483647;
			files = (
				539701080A370CCB00DFF6E8 /* Foundation.framework in Frameworks */,
				53E11A100A7919CE00D0107C /* ExceptionHandling.framework in Frameworks */,
				53594D1C0B13711300378707 /* libpq.a in Frameworks */,
				531266140B68E28100637EDA /* Security.framework in Frameworks */,
				53D0D01F0B6F4ED000D2D101 /* libssl.dylib in Frameworks */,
				53D0D0200B6F4ED000D2D101 /* libcrypto.dylib in Frameworks */,
			);
			runOnlyForDeploymentPostprocessing = 0;
		};
		538176770D633DC000A4CA72 /* Frameworks */ = {
			isa = PBXFrameworksBuildPhase;
			buildActionMask = 2147483647;
			files = (
				538176780D633DC000A4CA72 /* Foundation.framework in Frameworks */,
				538176790D633DC000A4CA72 /* ExceptionHandling.framework in Frameworks */,
				5381767A0D633DC000A4CA72 /* libpq.a in Frameworks */,
				5381767C0D633DC000A4CA72 /* Security.framework in Frameworks */,
				5381767D0D633DC000A4CA72 /* libssl.dylib in Frameworks */,
				5381767E0D633DC000A4CA72 /* libcrypto.dylib in Frameworks */,
				53817AE60D63438C00A4CA72 /* libLog4Cocoa.a in Frameworks */,
			);
			runOnlyForDeploymentPostprocessing = 0;
		};
/* End PBXFrameworksBuildPhase section */

/* Begin PBXGroup section */
		034768DFFF38A50411DB9C8B /* Products */ = {
			isa = PBXGroup;
			children = (
				536580D20A36FDFB00CDEC90 /* libPGTS.a */,
				538176830D633DC000A4CA72 /* libPGTS.a */,
			);
			name = Products;
			sourceTree = "<group>";
		};
		0867D691FE84028FC02AAC07 /* Framework */ = {
			isa = PBXGroup;
			children = (
				08FB77AEFE84172EC02AAC07 /* Classes */,
				32C88DFF0371C24200C91783 /* Other Sources */,
				089C1665FE841158C02AAC07 /* Resources */,
				536580C10A36FDBA00CDEC90 /* xcconfig */,
				1058C7B0FEA5585E11CA2CBB /* Linked Frameworks */,
				5325EAD70A1B2EF600FEA842 /* postgresql */,
				034768DFFF38A50411DB9C8B /* Products */,
			);
			name = Framework;
			sourceTree = "<group>";
		};
		089C1665FE841158C02AAC07 /* Resources */ = {
			isa = PBXGroup;
			children = (
				53D9B52C08B553A900ADB959 /* datatypeassociations.plist */,
				8DC2EF5A0486A6940098B216 /* Info.plist */,
				089C1666FE841158C02AAC07 /* InfoPlist.strings */,
			);
			name = Resources;
			sourceTree = "<group>";
		};
		08FB77AEFE84172EC02AAC07 /* Classes */ = {
			isa = PBXGroup;
			children = (
				53BA501708804ED400BFAFB5 /* Connection */,
				5392A7E90DAD7E030012C7CD /* Queries */,
				5359784908AF660F000CAC2B /* Metadata */,
				53091C4D0DAACFB1005B5619 /* Predicates */,
				53D9B37D08B5250C00ADB959 /* Other */,
			);
			name = Classes;
			sourceTree = "<group>";
		};
		1058C7B0FEA5585E11CA2CBB /* Linked Frameworks */ = {
			isa = PBXGroup;
			children = (
				53C1DF760B4BD4AB007947D8 /* Log4Cocoa.xcodeproj */,
				53BA503E08804FBC00BFAFB5 /* psql */,
				53594D1B0B13711300378707 /* libpq.a */,
				0867D69BFE84028FC02AAC07 /* Foundation.framework */,
				53E11A0C0A7919CE00D0107C /* ExceptionHandling.framework */,
				534CFECB095DCCDC00BF3440 /* Kerberos.framework */,
				53A422880981B84C003C3A24 /* libcrypto.dylib */,
				53F4F5100A370F16004913AF /* libssl.dylib */,
				531266130B68E28100637EDA /* Security.framework */,
			);
			name = "Linked Frameworks";
			sourceTree = "<group>";
		};
		32C88DFF0371C24200C91783 /* Other Sources */ = {
			isa = PBXGroup;
			children = (
				32DBCF5E0370ADEE00C91783 /* PGTS_Prefix.pch */,
				53BA4FF508804EA000BFAFB5 /* PGTS.h */,
				533A6AF209DEE51700D28AB0 /* PGTSConstants.h */,
				53BA4FEA08804EA000BFAFB5 /* PGTSConstants.m */,
				53BA4FE108804EA000BFAFB5 /* PGTSFunctions.h */,
				53BA4FF108804EA000BFAFB5 /* PGTSFunctions.m */,
			);
			name = "Other Sources";
			sourceTree = "<group>";
		};
		53091C4D0DAACFB1005B5619 /* Predicates */ = {
			isa = PBXGroup;
			children = (
				53091C410DAACF70005B5619 /* NSExpression+PGTSAdditions.h */,
				53091C420DAACF70005B5619 /* NSExpression+PGTSAdditions.m */,
				53091C430DAACF70005B5619 /* NSPredicate+PGTSAdditions.h */,
				53091C440DAACF70005B5619 /* NSPredicate+PGTSAdditions.m */,
			);
			name = Predicates;
			sourceTree = "<group>";
		};
		5359784908AF660F000CAC2B /* Metadata */ = {
			isa = PBXGroup;
			children = (
				53F923BC08B1372F00759909 /* PGTSAbstractDescription.h */,
				53F923BD08B1372F00759909 /* PGTSAbstractDescription.m */,
				53298DF00B330B6F00DE7CC8 /* PGTSAbstractObjectDescription.h */,
				53298DF10B330B6F00DE7CC8 /* PGTSAbstractObjectDescription.m */,
				53D9B38808B5256700ADB959 /* PGTSAbstractClassDescription.h */,
				53D9B38908B5256700ADB959 /* PGTSAbstractClassDescription.m */,
				5359784E08AF669B000CAC2B /* PGTSDatabaseDescription.h */,
				5359784F08AF669B000CAC2B /* PGTSDatabaseDescription.m */,
				53D9B4C608B5492C00ADB959 /* PGTSTypeDescription.h */,
				53D9B4C708B5492C00ADB959 /* PGTSTypeDescription.m */,
				535977FE08AD72DC000CAC2B /* PGTSTableDescription.h */,
				535977FF08AD72DC000CAC2B /* PGTSTableDescription.m */,
				53F9237708B0F47700759909 /* PGTSIndexDescription.h */,
				53F9237808B0F47700759909 /* PGTSIndexDescription.m */,
				53F9225008AFD9BD00759909 /* PGTSFieldDescription.h */,
				53F9225108AFD9BD00759909 /* PGTSFieldDescription.m */,
				53B870900A0A218F007315BC /* PGTSForeignKeyDescription.h */,
				53B870910A0A218F007315BC /* PGTSForeignKeyDescription.m */,
				5359557C0A514DEE0008793A /* PGTSSchemaDescription.h */,
				5359557D0A514DEE0008793A /* PGTSSchemaDescription.m */,
				53298DDE0B3307A800DE7CC8 /* PGTSRoleDescription.h */,
				53298DDF0B3307A800DE7CC8 /* PGTSRoleDescription.m */,
				53298E0D0B330EFB00DE7CC8 /* PGTSACLItem.h */,
				53298E0E0B330EFB00DE7CC8 /* PGTSACLItem.m */,
			);
			name = Metadata;
			sourceTree = "<group>";
		};
		536580C10A36FDBA00CDEC90 /* xcconfig */ = {
			isa = PBXGroup;
			children = (
				538175DD0D63387200A4CA72 /* common.xcconfig */,
				538175ED0D63399600A4CA72 /* debug-gc.xcconfig */,
				538175EC0D63399600A4CA72 /* debug-non-gc.xcconfig */,
				538175EB0D63399600A4CA72 /* release-gc.xcconfig */,
				538175EA0D63399600A4CA72 /* release-non-gc.xcconfig */,
			);
			path = xcconfig;
			sourceTree = SOURCE_ROOT;
		};
		5392A7E90DAD7E030012C7CD /* Queries */ = {
			isa = PBXGroup;
			children = (
				5392A7DD0DAD7DFA0012C7CD /* PGTSQuery.h */,
				5392A7DE0DAD7DFA0012C7CD /* PGTSQuery.m */,
				5392A7DF0DAD7DFA0012C7CD /* PGTSQueryDescription.h */,
				5392A7E00DAD7DFA0012C7CD /* PGTSQueryDescription.m */,
				5396AFA50DAEA6EB00BCDD39 /* PGTSResultSet.h */,
				5396AFB30DAEA95A00BCDD39 /* PGTSResultSet.mm */,
			);
			name = Queries;
			sourceTree = "<group>";
		};
		53BA501708804ED400BFAFB5 /* Connection */ = {
			isa = PBXGroup;
			children = (
				53BA4FE708804EA000BFAFB5 /* PGTSConnection.h */,
				5356066C0DB948F0009EE317 /* PGTSConnectionPrivate.h */,
				53BA4FD808804E9F00BFAFB5 /* PGTSConnection.mm */,
				5392A85C0DAD7E190012C7CD /* PGTSConnector.h */,
				5392A85D0DAD7E190012C7CD /* PGTSConnector.m */,
				535519E70DD7ADB40074FF01 /* PGTSConnectionMonitor.h */,
				535519E80DD7ADB40074FF01 /* PGTSConnectionMonitor.m */,
			);
			name = Connection;
			sourceTree = "<group>";
		};
		53D0440F0B4C1DFD00DB9308 /* Products */ = {
			isa = PBXGroup;
			children = (
				53D044160B4C1DFD00DB9308 /* libLog4Cocoa.a */,
				538178FD0D6342FA00A4CA72 /* libLog4Cocoa.a */,
				53D044180B4C1DFD00DB9308 /* AllTests */,
				53D0441A0B4C1DFD00DB9308 /* Documentation */,
				53D0441C0B4C1DFD00DB9308 /* Log4Cocoa.framework */,
			);
			name = Products;
			sourceTree = "<group>";
		};
		53D9B37D08B5250C00ADB959 /* Other */ = {
			isa = PBXGroup;
			children = (
				5392A7A30DAD7B0E0012C7CD /* PGTSFoundationObjects.h */,
				5392A7A40DAD7B0E0012C7CD /* PGTSFoundationObjects.m */,
				53BA4FEF08804EA000BFAFB5 /* PGTSAdditions.h */,
				53BA4FDB08804EA000BFAFB5 /* PGTSAdditions.m */,
				536B892D0A518E4A00379C00 /* PGTSExceptions.h */,
				536B892E0A518E4A00379C00 /* PGTSExceptions.m */,
				53D0D0580B6F515100D2D101 /* PGTSCertificateVerificationDelegateProtocol.h */,
				5312665B0B68F23C00637EDA /* PGTSCertificateVerificationDelegate.h */,
				5312665C0B68F23C00637EDA /* PGTSCertificateVerificationDelegate.m */,
				5374B16F0DC3470C0019A863 /* PGTSHOM.h */,
				5374B1700DC3470C0019A863 /* PGTSHOM.m */,
			);
			name = Other;
			sourceTree = "<group>";
		};
/* End PBXGroup section */

/* Begin PBXHeadersBuildPhase section */
		536580CE0A36FDFB00CDEC90 /* Headers */ = {
			isa = PBXHeadersBuildPhase;
			buildActionMask = 2147483647;
			files = (
				532BF12E0A3717BA002E6BFE /* postgresql in Headers */,
				539C08BE0A3706BE00CC45E0 /* PGTS.h in Headers */,
				539C08D10A3706CA00CC45E0 /* PGTSConnection.h in Headers */,
				5392A7A50DAD7B0E0012C7CD /* PGTSFoundationObjects.h in Headers */,
				5392A7E10DAD7DFA0012C7CD /* PGTSQuery.h in Headers */,
				5392A7E30DAD7DFA0012C7CD /* PGTSQueryDescription.h in Headers */,
				5392A85E0DAD7E190012C7CD /* PGTSConnector.h in Headers */,
				5396ACE30DAD86F100BCDD39 /* PGTSConstants.h in Headers */,
				5396AD500DAD89DD00BCDD39 /* PGTSAdditions.h in Headers */,
				5396AFA70DAEA6EB00BCDD39 /* PGTSResultSet.h in Headers */,
				53E1899D0DB2DB600094066F /* PGTSAbstractDescription.h in Headers */,
				53E189A00DB2DB640094066F /* PGTSAbstractObjectDescription.h in Headers */,
				53E189A10DB2DB650094066F /* PGTSAbstractClassDescription.h in Headers */,
				53E189A30DB2DB660094066F /* PGTSDatabaseDescription.h in Headers */,
				53E189A50DB2DB680094066F /* PGTSTypeDescription.h in Headers */,
				53E189A70DB2DB6A0094066F /* PGTSTableDescription.h in Headers */,
				53E189A90DB2DB6C0094066F /* PGTSIndexDescription.h in Headers */,
				53E189AB0DB2DB6D0094066F /* PGTSFieldDescription.h in Headers */,
				53E18B490DB3E9840094066F /* PGTSFunctions.h in Headers */,
				5356066D0DB948F0009EE317 /* PGTSConnectionPrivate.h in Headers */,
				5374B1710DC3470C0019A863 /* PGTSHOM.h in Headers */,
				5368B0F80DD110A50012D425 /* PGTSRoleDescription.h in Headers */,
				53D3E2980DD47AB100F41B25 /* PGTSCertificateVerificationDelegateProtocol.h in Headers */,
				53D3E2990DD47AB100F41B25 /* PGTSCertificateVerificationDelegate.h in Headers */,
				530F623F0DD4A32B00EA42DD /* NSExpression+PGTSAdditions.h in Headers */,
				530F62470DD4A6FD00EA42DD /* NSPredicate+PGTSAdditions.h in Headers */,
				535519EB0DD7ADB40074FF01 /* PGTSConnectionMonitor.h in Headers */,
			);
			runOnlyForDeploymentPostprocessing = 0;
		};
		538176350D633DC000A4CA72 /* Headers */ = {
			isa = PBXHeadersBuildPhase;
			buildActionMask = 2147483647;
			files = (
				538176360D633DC000A4CA72 /* postgresql in Headers */,
				538176370D633DC000A4CA72 /* PGTS.h in Headers */,
				538176380D633DC000A4CA72 /* PGTSConstants.h in Headers */,
				538176390D633DC000A4CA72 /* PGTSFunctions.h in Headers */,
				5381763B0D633DC000A4CA72 /* PGTSAdditions.h in Headers */,
				538176410D633DC000A4CA72 /* PGTSConnection.h in Headers */,
				538176440D633DC000A4CA72 /* PGTSAbstractDescription.h in Headers */,
				538176450D633DC000A4CA72 /* PGTSAbstractClassDescription.h in Headers */,
				538176460D633DC000A4CA72 /* PGTSDatabaseDescription.h in Headers */,
				538176470D633DC000A4CA72 /* PGTSTypeDescription.h in Headers */,
				538176480D633DC000A4CA72 /* PGTSTableDescription.h in Headers */,
				538176490D633DC000A4CA72 /* PGTSIndexDescription.h in Headers */,
				5381764A0D633DC000A4CA72 /* PGTSFieldDescription.h in Headers */,
				538176550D633DC000A4CA72 /* PGTSAbstractObjectDescription.h in Headers */,
				53091C490DAACF70005B5619 /* NSExpression+PGTSAdditions.h in Headers */,
				53091C4B0DAACF70005B5619 /* NSPredicate+PGTSAdditions.h in Headers */,
				5392A7A70DAD7B0E0012C7CD /* PGTSFoundationObjects.h in Headers */,
				5392A7E50DAD7DFA0012C7CD /* PGTSQuery.h in Headers */,
				5392A7E70DAD7DFA0012C7CD /* PGTSQueryDescription.h in Headers */,
				5392A8600DAD7E190012C7CD /* PGTSConnector.h in Headers */,
				5396AFA90DAEA6EB00BCDD39 /* PGTSResultSet.h in Headers */,
				5356066E0DB948F0009EE317 /* PGTSConnectionPrivate.h in Headers */,
				5374B1730DC3470C0019A863 /* PGTSHOM.h in Headers */,
				535519E90DD7ADB40074FF01 /* PGTSConnectionMonitor.h in Headers */,
				5310876E0DD9F90E0061A468 /* PGTSRoleDescription.h in Headers */,
				531087700DD9F9190061A468 /* PGTSCertificateVerificationDelegateProtocol.h in Headers */,
				531087710DD9F9190061A468 /* PGTSCertificateVerificationDelegate.h in Headers */,
			);
			runOnlyForDeploymentPostprocessing = 0;
		};
/* End PBXHeadersBuildPhase section */

/* Begin PBXNativeTarget section */
		536580D10A36FDFB00CDEC90 /* Static archive */ = {
			isa = PBXNativeTarget;
			buildConfigurationList = 536580D60A36FE2600CDEC90 /* Build configuration list for PBXNativeTarget "Static archive" */;
			buildPhases = (
				536580CE0A36FDFB00CDEC90 /* Headers */,
				536580CF0A36FDFB00CDEC90 /* Sources */,
				536580D00A36FDFB00CDEC90 /* Frameworks */,
			);
			buildRules = (
			);
			dependencies = (
				538971BC0B821A710092E1B8 /* PBXTargetDependency */,
			);
			name = "Static archive";
			productName = "Static archive";
			productReference = 536580D20A36FDFB00CDEC90 /* libPGTS.a */;
			productType = "com.apple.product-type.library.static";
		};
		5381762E0D633DC000A4CA72 /* Static archive + GC */ = {
			isa = PBXNativeTarget;
			buildConfigurationList = 538176800D633DC000A4CA72 /* Build configuration list for PBXNativeTarget "Static archive + GC" */;
			buildPhases = (
				538176350D633DC000A4CA72 /* Headers */,
				538176590D633DC000A4CA72 /* Sources */,
				538176770D633DC000A4CA72 /* Frameworks */,
			);
			buildRules = (
			);
			dependencies = (
				5310877F0DD9FA050061A468 /* PBXTargetDependency */,
			);
			name = "Static archive + GC";
			productName = "Static archive";
			productReference = 538176830D633DC000A4CA72 /* libPGTS.a */;
			productType = "com.apple.product-type.library.static";
		};
/* End PBXNativeTarget section */

/* Begin PBXProject section */
		0867D690FE84028FC02AAC07 /* Project object */ = {
			isa = PBXProject;
			buildConfigurationList = 53BA4FD208804E6B00BFAFB5 /* Build configuration list for PBXProject "PGTS" */;
			compatibilityVersion = "Xcode 2.4";
			hasScannedForEncodings = 1;
			mainGroup = 0867D691FE84028FC02AAC07 /* Framework */;
			productRefGroup = 034768DFFF38A50411DB9C8B /* Products */;
			projectDirPath = "";
			projectReferences = (
				{
					ProductGroup = 53D0440F0B4C1DFD00DB9308 /* Products */;
					ProjectRef = 53C1DF760B4BD4AB007947D8 /* Log4Cocoa.xcodeproj */;
				},
			);
			projectRoot = "";
			targets = (
				536580D10A36FDFB00CDEC90 /* Static archive */,
				5381762E0D633DC000A4CA72 /* Static archive + GC */,
				538971AF0B821A570092E1B8 /* PostgreSQL-8.2.5 */,
			);
		};
/* End PBXProject section */

/* Begin PBXReferenceProxy section */
		538178FD0D6342FA00A4CA72 /* libLog4Cocoa.a */ = {
			isa = PBXReferenceProxy;
			fileType = archive.ar;
			path = libLog4Cocoa.a;
			remoteRef = 538178FC0D6342FA00A4CA72 /* PBXContainerItemProxy */;
			sourceTree = BUILT_PRODUCTS_DIR;
		};
		53D044160B4C1DFD00DB9308 /* libLog4Cocoa.a */ = {
			isa = PBXReferenceProxy;
			fileType = archive.ar;
			path = libLog4Cocoa.a;
			remoteRef = 53D044150B4C1DFD00DB9308 /* PBXContainerItemProxy */;
			sourceTree = BUILT_PRODUCTS_DIR;
		};
		53D044180B4C1DFD00DB9308 /* AllTests */ = {
			isa = PBXReferenceProxy;
			fileType = "compiled.mach-o.executable";
			path = AllTests;
			remoteRef = 53D044170B4C1DFD00DB9308 /* PBXContainerItemProxy */;
			sourceTree = BUILT_PRODUCTS_DIR;
		};
		53D0441A0B4C1DFD00DB9308 /* Documentation */ = {
			isa = PBXReferenceProxy;
			fileType = "compiled.mach-o.executable";
			path = Documentation;
			remoteRef = 53D044190B4C1DFD00DB9308 /* PBXContainerItemProxy */;
			sourceTree = BUILT_PRODUCTS_DIR;
		};
		53D0441C0B4C1DFD00DB9308 /* Log4Cocoa.framework */ = {
			isa = PBXReferenceProxy;
			fileType = wrapper.framework;
			path = Log4Cocoa.framework;
			remoteRef = 53D0441B0B4C1DFD00DB9308 /* PBXContainerItemProxy */;
			sourceTree = BUILT_PRODUCTS_DIR;
		};
/* End PBXReferenceProxy section */

/* Begin PBXShellScriptBuildPhase section */
		538971B00B821A570092E1B8 /* ShellScript */ = {
			isa = PBXShellScriptBuildPhase;
			buildActionMask = 2147483647;
			files = (
			);
			inputPaths = (
			);
			outputPaths = (
			);
			runOnlyForDeploymentPostprocessing = 0;
			shellPath = /bin/sh;
			shellScript = "my_build_dir=\"$BUILT_PRODUCTS_DIR\"/PGTS-PostgreSQL\nversion=\"8.2.5\"\npostgresql_source_file=\"postgresql-base-${version}.tar.bz2\"\npostgresql_root=\"${my_build_dir}/postgresql-${version}\"\n\nfunction extract\n{\n    # Extract the sources\n    if [ ! -d \"$postgresql_root\" ]\n    then\n        if [ -e \"$postgresql_root\" ]\n        then\n            echo \"A file named ${postgresql_root} exists and is not a folder. Exiting.\"\n            exit 1\n        fi\n        gnutar -jxf \"$postgresql_source_file\" -C \"$my_build_dir\"\n        patch -p1 -d \"$postgresql_root\" < \"$SRCROOT\"/libpq.patch\n    fi\n}\n\nfunction build\n{\n    ptype=`uname -p`\n    my_host=\n    my_target=\"$1\"\n    if [ -z \"$my_target\" ]\n    then\n        my_target=\"$ptype\"\n    fi\n\n\tunset CC\n\tunset CPP\n\tunset CFLAGS\n\tunset CPPFLAGS\n\tunset CXXFLAGS\n\tunset LDFLAGS\n\n    if [ \"powerpc\" = \"$my_target\" ]\n    then\n        export CFLAGS=\"-arch ppc\"\n        export CPPFLAGS=\"-isystem=/Developer/SDKs/MacOSX10.4u.sdk -mmacosx-version-min=10.4\"\n        export LDFLAGS=\"-Wl,-syslibroot,/Developer/SDKs/MacOSX10.4u.sdk -mmacosx-version-min=10.4\"\n\n        if [ \"i386\" = \"$ptype\" ]\n        then\n            my_host=\"--host=powerpc-apple-darwin8.9.0\"\n        fi\n    elif [ \"i386\" = \"$my_target\" ]\n    then\n        export CFLAGS=\"-arch i386\"\n        export CPPFLAGS=\"-isystem=/Developer/SDKs/MacOSX10.4u.sdk -mmacosx-version-min=10.4\"\n        export LDFLAGS=\"-Wl,-syslibroot,/Developer/SDKs/MacOSX10.4u.sdk -mmacosx-version-min=10.4\"\n\n        if [ \"powerpc\" = \"$ptype\" ]\n        then\n            my_host=\"--host=i386-apple-darwin8.9.0\"\n        fi\n    else\n        echo \"Unsupported architecture $my_target\"\n        exit 1\n    fi\n\n    pushd \"$postgresql_root\"\n    make distclean 2> /dev/null\n\n    if [ \"Debug\" = \"$BUILD_STYLE\" ]\n    then\n        echo \"Configure options: $my_host --with-bonjour --disable-shared \\\n        --without-zlib --without-readline --with-openssl --enable-debug \\ \n        --prefix=$my_build_dir/$my_target\"\n        ./configure $my_host --with-bonjour --disable-shared --enable-debug \\\n        --without-zlib --without-readline --with-openssl \\\n        --prefix=$my_build_dir/\"$my_target\"\n    else\n        echo \"Configure options: $my_host --with-bonjour --disable-shared \\\n        --without-zlib --without-readline --with-openssl \\ \n        --prefix=$my_build_dir/$my_target\"\n        ./configure $my_host --with-bonjour --disable-shared \\\n        --without-zlib --without-readline --with-openssl \\\n        --prefix=$my_build_dir/\"$my_target\"\n    fi\n\n    make clean 2> /dev/null\n\n    mkdir -p ../\"$my_target\"\n\n\t## PG 8.2 doesn't like to be built piece by piece.\n\tmake -j 4 2> /dev/null\n\n    for x in src/include src/interfaces/libpq src/bin/psql\n    do\n        pushd \"$x\"\n        make install\n        popd\n    done\n    \n    popd\n}\n\nif [ ! -e \"$my_build_dir\"/universal/lib/libpq.a ] || \\\n   [ ! -e \"$my_build_dir\"/universal/bin/psql ] ||\n   [ ! -e \"$my_build_dir\"/postgresql ]\nthen\n\tmkdir -p \"$my_build_dir\"\n\tpushd \"$SRCROOT\"/Contrib/PostgreSQL\n\textract\n\n\tif [ ! -e \"$my_build_dir\"/powerpc/lib/libpq.a ] || [ ! -e \"$my_build_dir\"/powerpc/bin/psql ]\n\tthen\n\t    build powerpc\n\tfi\n\n\tif [ ! -e \"$my_build_dir\"/i386/lib/libpq.a ] || [ ! -e \"$my_build_dir\"/i386/bin/psql ]\n\tthen\n\t    build i386\n\tfi\n\n\tmkdir -p \"$my_build_dir\"/universal/bin\n\tmkdir -p \"$my_build_dir\"/universal/lib\n\tfor file in lib/libpq.a bin/psql\n\tdo\n\t    lipo -create -output \"$my_build_dir\"/universal/\"$file\" \\\n\t\t\t\"$my_build_dir\"/i386/\"$file\" \\\n\t\t\t\"$my_build_dir\"/powerpc/\"$file\"\n\tdone\n\tcp -R \"$my_build_dir\"/powerpc/include \"$my_build_dir\"/postgresql\n\t\"$postgresql_root\"/configure --version | head -n 1 > \"$my_build_dir\"/VERSION\n\n\tpopd\nfi\nexit 0\n";
		};
/* End PBXShellScriptBuildPhase section */

/* Begin PBXSourcesBuildPhase section */
		536580CF0A36FDFB00CDEC90 /* Sources */ = {
			isa = PBXSourcesBuildPhase;
			buildActionMask = 2147483647;
			files = (
				539C08D50A3706CD00CC45E0 /* PGTSConnection.mm in Sources */,
				5392A7A60DAD7B0E0012C7CD /* PGTSFoundationObjects.m in Sources */,
				5392A7E20DAD7DFA0012C7CD /* PGTSQuery.m in Sources */,
				5392A7E40DAD7DFA0012C7CD /* PGTSQueryDescription.m in Sources */,
				5392A85F0DAD7E190012C7CD /* PGTSConnector.m in Sources */,
				5396ACE40DAD86F100BCDD39 /* PGTSConstants.m in Sources */,
				5396AD510DAD89DD00BCDD39 /* PGTSAdditions.m in Sources */,
				5396AFB40DAEA95A00BCDD39 /* PGTSResultSet.mm in Sources */,
				53E1899E0DB2DB620094066F /* PGTSAbstractDescription.m in Sources */,
				53E1899F0DB2DB630094066F /* PGTSAbstractObjectDescription.m in Sources */,
				53E189A60DB2DB690094066F /* PGTSTypeDescription.m in Sources */,
				53E189A80DB2DB6A0094066F /* PGTSTableDescription.m in Sources */,
				53E189AA0DB2DB6C0094066F /* PGTSIndexDescription.m in Sources */,
				53E189AC0DB2DB6E0094066F /* PGTSFieldDescription.m in Sources */,
				53E18B190DB370A00094066F /* PGTSDatabaseDescription.m in Sources */,
				53E18B220DB370C50094066F /* PGTSAbstractClassDescription.m in Sources */,
				53E18B4A0DB3E9850094066F /* PGTSFunctions.m in Sources */,
				5374B1720DC3470C0019A863 /* PGTSHOM.m in Sources */,
				5368B0F90DD110A50012D425 /* PGTSRoleDescription.m in Sources */,
				53D3E29A0DD47AB200F41B25 /* PGTSCertificateVerificationDelegate.m in Sources */,
				530F62400DD4A32C00EA42DD /* NSExpression+PGTSAdditions.m in Sources */,
				530F62480DD4A6FD00EA42DD /* NSPredicate+PGTSAdditions.m in Sources */,
				535519EC0DD7ADB40074FF01 /* PGTSConnectionMonitor.m in Sources */,
			);
			runOnlyForDeploymentPostprocessing = 0;
		};
		538176590D633DC000A4CA72 /* Sources */ = {
			isa = PBXSourcesBuildPhase;
			buildActionMask = 2147483647;
			files = (
				5381765A0D633DC000A4CA72 /* PGTSConstants.m in Sources */,
				5381765B0D633DC000A4CA72 /* PGTSFunctions.m in Sources */,
				5381765D0D633DC000A4CA72 /* PGTSAdditions.m in Sources */,
				538176630D633DC000A4CA72 /* PGTSConnection.mm in Sources */,
				538176660D633DC000A4CA72 /* PGTSAbstractDescription.m in Sources */,
				538176670D633DC000A4CA72 /* PGTSAbstractClassDescription.m in Sources */,
				538176680D633DC000A4CA72 /* PGTSDatabaseDescription.m in Sources */,
				538176690D633DC000A4CA72 /* PGTSTypeDescription.m in Sources */,
				5381766A0D633DC000A4CA72 /* PGTSTableDescription.m in Sources */,
				5381766B0D633DC000A4CA72 /* PGTSIndexDescription.m in Sources */,
				5381766C0D633DC000A4CA72 /* PGTSFieldDescription.m in Sources */,
				538176740D633DC000A4CA72 /* PGTSAbstractObjectDescription.m in Sources */,
				53091C4A0DAACF70005B5619 /* NSExpression+PGTSAdditions.m in Sources */,
				53091C4C0DAACF70005B5619 /* NSPredicate+PGTSAdditions.m in Sources */,
				5392A7A80DAD7B0E0012C7CD /* PGTSFoundationObjects.m in Sources */,
				5392A7E60DAD7DFA0012C7CD /* PGTSQuery.m in Sources */,
				5392A7E80DAD7DFA0012C7CD /* PGTSQueryDescription.m in Sources */,
				5392A8610DAD7E190012C7CD /* PGTSConnector.m in Sources */,
				5396AFB50DAEA95A00BCDD39 /* PGTSResultSet.mm in Sources */,
				5374B1740DC3470C0019A863 /* PGTSHOM.m in Sources */,
				535519EA0DD7ADB40074FF01 /* PGTSConnectionMonitor.m in Sources */,
				5310876F0DD9F90F0061A468 /* PGTSRoleDescription.m in Sources */,
				531087720DD9F91A0061A468 /* PGTSCertificateVerificationDelegate.m in Sources */,
			);
			runOnlyForDeploymentPostprocessing = 0;
		};
/* End PBXSourcesBuildPhase section */

/* Begin PBXTargetDependency section */
		5310877F0DD9FA050061A468 /* PBXTargetDependency */ = {
			isa = PBXTargetDependency;
			target = 538971AF0B821A570092E1B8 /* PostgreSQL-8.2.5 */;
			targetProxy = 5310877E0DD9FA050061A468 /* PBXContainerItemProxy */;
		};
		538971BC0B821A710092E1B8 /* PBXTargetDependency */ = {
			isa = PBXTargetDependency;
			target = 538971AF0B821A570092E1B8 /* PostgreSQL-8.2.5 */;
			targetProxy = 538971BB0B821A710092E1B8 /* PBXContainerItemProxy */;
		};
/* End PBXTargetDependency section */

/* Begin PBXVariantGroup section */
		089C1666FE841158C02AAC07 /* InfoPlist.strings */ = {
			isa = PBXVariantGroup;
			children = (
				089C1667FE841158C02AAC07 /* English */,
			);
			name = InfoPlist.strings;
			sourceTree = "<group>";
		};
/* End PBXVariantGroup section */

/* Begin XCBuildConfiguration section */
		536580D70A36FE2600CDEC90 /* Debug */ = {
			isa = XCBuildConfiguration;
			baseConfigurationReference = 538175EC0D63399600A4CA72 /* debug-non-gc.xcconfig */;
			buildSettings = {
			};
			name = Debug;
		};
		536580D80A36FE2600CDEC90 /* Release */ = {
			isa = XCBuildConfiguration;
			baseConfigurationReference = 538175EA0D63399600A4CA72 /* release-non-gc.xcconfig */;
			buildSettings = {
			};
			name = Release;
		};
		538176810D633DC000A4CA72 /* Debug */ = {
			isa = XCBuildConfiguration;
			baseConfigurationReference = 538175ED0D63399600A4CA72 /* debug-gc.xcconfig */;
			buildSettings = {
			};
			name = Debug;
		};
		538176820D633DC000A4CA72 /* Release */ = {
			isa = XCBuildConfiguration;
			baseConfigurationReference = 538175EB0D63399600A4CA72 /* release-gc.xcconfig */;
			buildSettings = {
			};
			name = Release;
		};
		538971B20B821A570092E1B8 /* Debug */ = {
			isa = XCBuildConfiguration;
			buildSettings = {
				COPY_PHASE_STRIP = NO;
				GCC_DYNAMIC_NO_PIC = NO;
				GCC_GENERATE_DEBUGGING_SYMBOLS = YES;
				GCC_OPTIMIZATION_LEVEL = 0;
				PRODUCT_NAME = "PostgreSQL-8.2.0";
			};
			name = Debug;
		};
		538971B30B821A570092E1B8 /* Release */ = {
			isa = XCBuildConfiguration;
			buildSettings = {
				COPY_PHASE_STRIP = YES;
				GCC_ENABLE_FIX_AND_CONTINUE = NO;
				GCC_GENERATE_DEBUGGING_SYMBOLS = NO;
				PRODUCT_NAME = "PostgreSQL-8.2.0";
				ZERO_LINK = NO;
			};
			name = Release;
		};
		539F29400981A0D600FD3758 /* Release */ = {
			isa = XCBuildConfiguration;
			buildSettings = {
			};
			name = Release;
		};
		53BA4FD308804E6B00BFAFB5 /* Debug */ = {
			isa = XCBuildConfiguration;
			buildSettings = {
			};
			name = Debug;
		};
/* End XCBuildConfiguration section */

/* Begin XCConfigurationList section */
		536580D60A36FE2600CDEC90 /* Build configuration list for PBXNativeTarget "Static archive" */ = {
			isa = XCConfigurationList;
			buildConfigurations = (
				536580D70A36FE2600CDEC90 /* Debug */,
				536580D80A36FE2600CDEC90 /* Release */,
			);
			defaultConfigurationIsVisible = 0;
			defaultConfigurationName = Debug;
		};
		538176800D633DC000A4CA72 /* Build configuration list for PBXNativeTarget "Static archive + GC" */ = {
			isa = XCConfigurationList;
			buildConfigurations = (
				538176810D633DC000A4CA72 /* Debug */,
				538176820D633DC000A4CA72 /* Release */,
			);
			defaultConfigurationIsVisible = 0;
			defaultConfigurationName = Debug;
		};
		538971B10B821A570092E1B8 /* Build configuration list for PBXAggregateTarget "PostgreSQL-8.2.5" */ = {
			isa = XCConfigurationList;
			buildConfigurations = (
				538971B20B821A570092E1B8 /* Debug */,
				538971B30B821A570092E1B8 /* Release */,
			);
			defaultConfigurationIsVisible = 0;
			defaultConfigurationName = Debug;
		};
		53BA4FD208804E6B00BFAFB5 /* Build configuration list for PBXProject "PGTS" */ = {
			isa = XCConfigurationList;
			buildConfigurations = (
				53BA4FD308804E6B00BFAFB5 /* Debug */,
				539F29400981A0D600FD3758 /* Release */,
			);
			defaultConfigurationIsVisible = 0;
			defaultConfigurationName = Debug;
		};
/* End XCConfigurationList section */
	};
	rootObject = 0867D690FE84028FC02AAC07 /* Project object */;
}
